
Microsoft Visual Studio Solution File, Format Version 12.00
# Visual Studio Version 16
VisualStudioVersion = 16.0.30114.105
MinimumVisualStudioVersion = 10.0.40219.1
Project("{FAE04EC0-301F-11D3-BF4B-00C04F79EFBC}") = "API", "API\API.csproj", "{9D859A49-1DBB-4234-AB27-7FD9AB91B088}"
EndProject
Project("{FAE04EC0-301F-11D3-BF4B-00C04F79EFBC}") = "Application", "Application\Application.csproj", "{039D2BB8-E7C6-4A5D-8A91-068A285B5065}"
EndProject
Project("{FAE04EC0-301F-11D3-BF4B-00C04F79EFBC}") = "Persistence", "Persistence\Persistence.csproj", "{BE0F8F4A-0AA1-497B-9022-11FB38F7E0EE}"
EndProject
Project("{FAE04EC0-301F-11D3-BF4B-00C04F79EFBC}") = "Domain", "Domain\Domain.csproj", "{B6510F1C-C730-4BB6-8739-6E20E62E0DD3}"
EndProject
Project("{FAE04EC0-301F-11D3-BF4B-00C04F79EFBC}") = "Infrastructure", "Infrastructure\Infrastructure.csproj", "{DC935D96-1D54-4CB3-8A4D-F51A5066B027}"
EndProject
Global
	GlobalSection(SolutionConfigurationPlatforms) = preSolution
		Debug|Any CPU = Debug|Any CPU
		Debug|x64 = Debug|x64
		Debug|x86 = Debug|x86
		Release|Any CPU = Release|Any CPU
		Release|x64 = Release|x64
		Release|x86 = Release|x86
	EndGlobalSection
	GlobalSection(SolutionProperties) = preSolution
		HideSolutionNode = FALSE
	EndGlobalSection
	GlobalSection(ProjectConfigurationPlatforms) = postSolution
		{9D859A49-1DBB-4234-AB27-7FD9AB91B088}.Debug|Any CPU.ActiveCfg = Debug|Any CPU
		{9D859A49-1DBB-4234-AB27-7FD9AB91B088}.Debug|Any CPU.Build.0 = Debug|Any CPU
		{9D859A49-1DBB-4234-AB27-7FD9AB91B088}.Debug|x64.ActiveCfg = Debug|Any CPU
		{9D859A49-1DBB-4234-AB27-7FD9AB91B088}.Debug|x64.Build.0 = Debug|Any CPU
		{9D859A49-1DBB-4234-AB27-7FD9AB91B088}.Debug|x86.ActiveCfg = Debug|Any CPU
		{9D859A49-1DBB-4234-AB27-7FD9AB91B088}.Debug|x86.Build.0 = Debug|Any CPU
		{9D859A49-1DBB-4234-AB27-7FD9AB91B088}.Release|Any CPU.ActiveCfg = Release|Any CPU
		{9D859A49-1DBB-4234-AB27-7FD9AB91B088}.Release|Any CPU.Build.0 = Release|Any CPU
		{9D859A49-1DBB-4234-AB27-7FD9AB91B088}.Release|x64.ActiveCfg = Release|Any CPU
		{9D859A49-1DBB-4234-AB27-7FD9AB91B088}.Release|x64.Build.0 = Release|Any CPU
		{9D859A49-1DBB-4234-AB27-7FD9AB91B088}.Release|x86.ActiveCfg = Release|Any CPU
		{9D859A49-1DBB-4234-AB27-7FD9AB91B088}.Release|x86.Build.0 = Release|Any CPU
		{039D2BB8-E7C6-4A5D-8A91-068A285B5065}.Debug|Any CPU.ActiveCfg = Debug|Any CPU
		{039D2BB8-E7C6-4A5D-8A91-068A285B5065}.Debug|Any CPU.Build.0 = Debug|Any CPU
		{039D2BB8-E7C6-4A5D-8A91-068A285B5065}.Debug|x64.ActiveCfg = Debug|Any CPU
		{039D2BB8-E7C6-4A5D-8A91-068A285B5065}.Debug|x64.Build.0 = Debug|Any CPU
		{039D2BB8-E7C6-4A5D-8A91-068A285B5065}.Debug|x86.ActiveCfg = Debug|Any CPU
		{039D2BB8-E7C6-4A5D-8A91-068A285B5065}.Debug|x86.Build.0 = Debug|Any CPU
		{039D2BB8-E7C6-4A5D-8A91-068A285B5065}.Release|Any CPU.ActiveCfg = Release|Any CPU
		{039D2BB8-E7C6-4A5D-8A91-068A285B5065}.Release|Any CPU.Build.0 = Release|Any CPU
		{039D2BB8-E7C6-4A5D-8A91-068A285B5065}.Release|x64.ActiveCfg = Release|Any CPU
		{039D2BB8-E7C6-4A5D-8A91-068A285B5065}.Release|x64.Build.0 = Release|Any CPU
		{039D2BB8-E7C6-4A5D-8A91-068A285B5065}.Release|x86.ActiveCfg = Release|Any CPU
		{039D2BB8-E7C6-4A5D-8A91-068A285B5065}.Release|x86.Build.0 = Release|Any CPU
		{BE0F8F4A-0AA1-497B-9022-11FB38F7E0EE}.Debug|Any CPU.ActiveCfg = Debug|Any CPU
		{BE0F8F4A-0AA1-497B-9022-11FB38F7E0EE}.Debug|Any CPU.Build.0 = Debug|Any CPU
		{BE0F8F4A-0AA1-497B-9022-11FB38F7E0EE}.Debug|x64.ActiveCfg = Debug|Any CPU
		{BE0F8F4A-0AA1-497B-9022-11FB38F7E0EE}.Debug|x64.Build.0 = Debug|Any CPU
		{BE0F8F4A-0AA1-497B-9022-11FB38F7E0EE}.Debug|x86.ActiveCfg = Debug|Any CPU
		{BE0F8F4A-0AA1-497B-9022-11FB38F7E0EE}.Debug|x86.Build.0 = Debug|Any CPU
		{BE0F8F4A-0AA1-497B-9022-11FB38F7E0EE}.Release|Any CPU.ActiveCfg = Release|Any CPU
		{BE0F8F4A-0AA1-497B-9022-11FB38F7E0EE}.Release|Any CPU.Build.0 = Release|Any CPU
		{BE0F8F4A-0AA1-497B-9022-11FB38F7E0EE}.Release|x64.ActiveCfg = Release|Any CPU
		{BE0F8F4A-0AA1-497B-9022-11FB38F7E0EE}.Release|x64.Build.0 = Release|Any CPU
		{BE0F8F4A-0AA1-497B-9022-11FB38F7E0EE}.Release|x86.ActiveCfg = Release|Any CPU
		{BE0F8F4A-0AA1-497B-9022-11FB38F7E0EE}.Release|x86.Build.0 = Release|Any CPU
		{B6510F1C-C730-4BB6-8739-6E20E62E0DD3}.Debug|Any CPU.ActiveCfg = Debug|Any CPU
		{B6510F1C-C730-4BB6-8739-6E20E62E0DD3}.Debug|Any CPU.Build.0 = Debug|Any CPU
		{B6510F1C-C730-4BB6-8739-6E20E62E0DD3}.Debug|x64.ActiveCfg = Debug|Any CPU
		{B6510F1C-C730-4BB6-8739-6E20E62E0DD3}.Debug|x64.Build.0 = Debug|Any CPU
		{B6510F1C-C730-4BB6-8739-6E20E62E0DD3}.Debug|x86.ActiveCfg = Debug|Any CPU
		{B6510F1C-C730-4BB6-8739-6E20E62E0DD3}.Debug|x86.Build.0 = Debug|Any CPU
		{B6510F1C-C730-4BB6-8739-6E20E62E0DD3}.Release|Any CPU.ActiveCfg = Release|Any CPU
		{B6510F1C-C730-4BB6-8739-6E20E62E0DD3}.Release|Any CPU.Build.0 = Release|Any CPU
		{B6510F1C-C730-4BB6-8739-6E20E62E0DD3}.Release|x64.ActiveCfg = Release|Any CPU
		{B6510F1C-C730-4BB6-8739-6E20E62E0DD3}.Release|x64.Build.0 = Release|Any CPU
		{B6510F1C-C730-4BB6-8739-6E20E62E0DD3}.Release|x86.ActiveCfg = Release|Any CPU
		{B6510F1C-C730-4BB6-8739-6E20E62E0DD3}.Release|x86.Build.0 = Release|Any CPU
		{DC935D96-1D54-4CB3-8A4D-F51A5066B027}.Debug|Any CPU.ActiveCfg = Debug|Any CPU
		{DC935D96-1D54-4CB3-8A4D-F51A5066B027}.Debug|Any CPU.Build.0 = Debug|Any CPU
		{DC935D96-1D54-4CB3-8A4D-F51A5066B027}.Debug|x64.ActiveCfg = Debug|Any CPU
		{DC935D96-1D54-4CB3-8A4D-F51A5066B027}.Debug|x64.Build.0 = Debug|Any CPU
		{DC935D96-1D54-4CB3-8A4D-F51A5066B027}.Debug|x86.ActiveCfg = Debug|Any CPU
		{DC935D96-1D54-4CB3-8A4D-F51A5066B027}.Debug|x86.Build.0 = Debug|Any CPU
		{DC935D96-1D54-4CB3-8A4D-F51A5066B027}.Release|Any CPU.ActiveCfg = Release|Any CPU
		{DC935D96-1D54-4CB3-8A4D-F51A5066B027}.Release|Any CPU.Build.0 = Release|Any CPU
		{DC935D96-1D54-4CB3-8A4D-F51A5066B027}.Release|x64.ActiveCfg = Release|Any CPU
		{DC935D96-1D54-4CB3-8A4D-F51A5066B027}.Release|x64.Build.0 = Release|Any CPU
		{DC935D96-1D54-4CB3-8A4D-F51A5066B027}.Release|x86.ActiveCfg = Release|Any CPU
		{DC935D96-1D54-4CB3-8A4D-F51A5066B027}.Release|x86.Build.0 = Release|Any CPU
	EndGlobalSection
EndGlobal
